
Microsoft Visual Studio Solution File, Format Version 12.00
# Visual Studio Version 16
VisualStudioVersion = 16.0.32002.261
MinimumVisualStudioVersion = 10.0.40219.1
Project("{9A19103F-16F7-4668-BE54-9A1E7A4F7556}") = "SimpleFactory", "DesignPatterns\SimpleFactory.csproj", "{DC5D645D-62B7-4845-879C-D7D584F7E3A3}"
EndProject
Project("{9A19103F-16F7-4668-BE54-9A1E7A4F7556}") = "FactoryMethod", "FactoryMethod\FactoryMethod.csproj", "{36281940-8B5C-4BF8-BDC7-C5A6ACF47175}"
EndProject
Project("{9A19103F-16F7-4668-BE54-9A1E7A4F7556}") = "Strategy", "Strategy\Strategy.csproj", "{5717D551-2033-4240-911A-04DBC4B264B4}"
EndProject
Project("{9A19103F-16F7-4668-BE54-9A1E7A4F7556}") = "Composite", "Composite\Composite.csproj", "{359E9CCC-07DB-4556-B932-FB470E8F777C}"
EndProject
Project("{9A19103F-16F7-4668-BE54-9A1E7A4F7556}") = "FlyWeight", "FlyWeight\FlyWeight.csproj", "{4B0F4DCA-9BFC-4953-8C98-EB90080E09F0}"
EndProject
Project("{9A19103F-16F7-4668-BE54-9A1E7A4F7556}") = "Proxy", "Proxy\Proxy.csproj", "{6197E8EB-5C12-46B5-BD87-45AC2589E780}"
EndProject
Project("{2150E333-8FDC-42A3-9474-1A3956D46DE8}") = "2 - Criacionais", "2 - Criacionais", "{A3AA0CB0-2FF4-4980-8377-C9C1643A0E33}"
EndProject
Project("{2150E333-8FDC-42A3-9474-1A3956D46DE8}") = "3 - Estruturais", "3 - Estruturais", "{F11A62E7-9605-43DF-9646-BBCF1820D2C4}"
EndProject
Project("{2150E333-8FDC-42A3-9474-1A3956D46DE8}") = "4 - Comportamentais", "4 - Comportamentais", "{5FBC5376-949F-49F4-9FDA-001E9475E99C}"
EndProject
Project("{9A19103F-16F7-4668-BE54-9A1E7A4F7556}") = "Facade", "Facade\Facade.csproj", "{8EA37ADC-13F4-4B85-862E-90C24204EF9C}"
EndProject
Project("{2150E333-8FDC-42A3-9474-1A3956D46DE8}") = "1 - Todos os Padrões", "1 - Todos os Padrões", "{412C0D2A-FD08-44FC-AD2E-95C4885EDF67}"
	ProjectSection(SolutionItems) = preProject
		Classificação de Metsker.png = Classificação de Metsker.png
		Facade\Docs\Todos os Padrões.png = Facade\Docs\Todos os Padrões.png
	EndProjectSection
EndProject
Project("{9A19103F-16F7-4668-BE54-9A1E7A4F7556}") = "ChainOfResponsability", "ChainOfResponsability\ChainOfResponsability.csproj", "{F510B5E3-54FE-4E57-A927-BC5C2F099F98}"
EndProject
Project("{9A19103F-16F7-4668-BE54-9A1E7A4F7556}") = "Command", "Command\Command.csproj", "{8F1567DC-6DB8-425F-A29D-36E8949030D3}"
EndProject
Project("{9A19103F-16F7-4668-BE54-9A1E7A4F7556}") = "Interpreter", "Interpreter\Interpreter.csproj", "{4D7C45BE-C0C0-4D98-BE9C-452349C5D9D8}"
EndProject
Project("{9A19103F-16F7-4668-BE54-9A1E7A4F7556}") = "Iterator", "Iterator\Iterator.csproj", "{57DECF4A-1A66-427E-B992-F132D163F73C}"
EndProject
Project("{9A19103F-16F7-4668-BE54-9A1E7A4F7556}") = "Mediator", "Mediator\Mediator.csproj", "{00BC6DAA-C31C-47DF-B4F5-46F5572A6282}"
EndProject
Project("{9A19103F-16F7-4668-BE54-9A1E7A4F7556}") = "Memento", "Memento\Memento.csproj", "{FDC3B5E5-6E79-443F-A141-483695432F5D}"
EndProject
Project("{9A19103F-16F7-4668-BE54-9A1E7A4F7556}") = "Observer", "Observer\Observer.csproj", "{5CE3E845-CCD2-4B16-B49E-43142AEBBC17}"
EndProject
Project("{2150E333-8FDC-42A3-9474-1A3956D46DE8}") = "5 - Logs", "5 - Logs", "{9C53F6A1-4007-4A63-B2C6-F8CA3A1088D2}"
EndProject
Project("{9A19103F-16F7-4668-BE54-9A1E7A4F7556}") = "Log", "Log\Log.csproj", "{9479CD86-F538-4996-9ECC-0A95F7F8B64D}"
EndProject
Project("{9A19103F-16F7-4668-BE54-9A1E7A4F7556}") = "State", "State\State.csproj", "{815F152F-CCB9-475F-80E6-B770959CAF1C}"
EndProject
Project("{FAE04EC0-301F-11D3-BF4B-00C04F79EFBC}") = "TemplateMethod", "TemplateMethod\TemplateMethod.csproj", "{A907D7BE-CDDD-4A7F-B959-47C5709A9990}"
EndProject
Project("{FAE04EC0-301F-11D3-BF4B-00C04F79EFBC}") = "Visitor", "Visitor\Visitor.csproj", "{AD4EF95F-903E-4EE1-8EE0-E2DF353A234C}"
EndProject
Global
	GlobalSection(SolutionConfigurationPlatforms) = preSolution
		Debug|Any CPU = Debug|Any CPU
		Release|Any CPU = Release|Any CPU
	EndGlobalSection
	GlobalSection(ProjectConfigurationPlatforms) = postSolution
		{DC5D645D-62B7-4845-879C-D7D584F7E3A3}.Debug|Any CPU.ActiveCfg = Debug|Any CPU
		{DC5D645D-62B7-4845-879C-D7D584F7E3A3}.Debug|Any CPU.Build.0 = Debug|Any CPU
		{DC5D645D-62B7-4845-879C-D7D584F7E3A3}.Release|Any CPU.ActiveCfg = Release|Any CPU
		{DC5D645D-62B7-4845-879C-D7D584F7E3A3}.Release|Any CPU.Build.0 = Release|Any CPU
		{36281940-8B5C-4BF8-BDC7-C5A6ACF47175}.Debug|Any CPU.ActiveCfg = Debug|Any CPU
		{36281940-8B5C-4BF8-BDC7-C5A6ACF47175}.Debug|Any CPU.Build.0 = Debug|Any CPU
		{36281940-8B5C-4BF8-BDC7-C5A6ACF47175}.Release|Any CPU.ActiveCfg = Release|Any CPU
		{36281940-8B5C-4BF8-BDC7-C5A6ACF47175}.Release|Any CPU.Build.0 = Release|Any CPU
		{5717D551-2033-4240-911A-04DBC4B264B4}.Debug|Any CPU.ActiveCfg = Debug|Any CPU
		{5717D551-2033-4240-911A-04DBC4B264B4}.Debug|Any CPU.Build.0 = Debug|Any CPU
		{5717D551-2033-4240-911A-04DBC4B264B4}.Release|Any CPU.ActiveCfg = Release|Any CPU
		{5717D551-2033-4240-911A-04DBC4B264B4}.Release|Any CPU.Build.0 = Release|Any CPU
		{359E9CCC-07DB-4556-B932-FB470E8F777C}.Debug|Any CPU.ActiveCfg = Debug|Any CPU
		{359E9CCC-07DB-4556-B932-FB470E8F777C}.Debug|Any CPU.Build.0 = Debug|Any CPU
		{359E9CCC-07DB-4556-B932-FB470E8F777C}.Release|Any CPU.ActiveCfg = Release|Any CPU
		{359E9CCC-07DB-4556-B932-FB470E8F777C}.Release|Any CPU.Build.0 = Release|Any CPU
		{4B0F4DCA-9BFC-4953-8C98-EB90080E09F0}.Debug|Any CPU.ActiveCfg = Debug|Any CPU
		{4B0F4DCA-9BFC-4953-8C98-EB90080E09F0}.Debug|Any CPU.Build.0 = Debug|Any CPU
		{4B0F4DCA-9BFC-4953-8C98-EB90080E09F0}.Release|Any CPU.ActiveCfg = Release|Any CPU
		{4B0F4DCA-9BFC-4953-8C98-EB90080E09F0}.Release|Any CPU.Build.0 = Release|Any CPU
		{6197E8EB-5C12-46B5-BD87-45AC2589E780}.Debug|Any CPU.ActiveCfg = Debug|Any CPU
		{6197E8EB-5C12-46B5-BD87-45AC2589E780}.Debug|Any CPU.Build.0 = Debug|Any CPU
		{6197E8EB-5C12-46B5-BD87-45AC2589E780}.Release|Any CPU.ActiveCfg = Release|Any CPU
		{6197E8EB-5C12-46B5-BD87-45AC2589E780}.Release|Any CPU.Build.0 = Release|Any CPU
		{8EA37ADC-13F4-4B85-862E-90C24204EF9C}.Debug|Any CPU.ActiveCfg = Debug|Any CPU
		{8EA37ADC-13F4-4B85-862E-90C24204EF9C}.Debug|Any CPU.Build.0 = Debug|Any CPU
		{8EA37ADC-13F4-4B85-862E-90C24204EF9C}.Release|Any CPU.ActiveCfg = Release|Any CPU
		{8EA37ADC-13F4-4B85-862E-90C24204EF9C}.Release|Any CPU.Build.0 = Release|Any CPU
		{F510B5E3-54FE-4E57-A927-BC5C2F099F98}.Debug|Any CPU.ActiveCfg = Debug|Any CPU
		{F510B5E3-54FE-4E57-A927-BC5C2F099F98}.Debug|Any CPU.Build.0 = Debug|Any CPU
		{F510B5E3-54FE-4E57-A927-BC5C2F099F98}.Release|Any CPU.ActiveCfg = Release|Any CPU
		{F510B5E3-54FE-4E57-A927-BC5C2F099F98}.Release|Any CPU.Build.0 = Release|Any CPU
		{8F1567DC-6DB8-425F-A29D-36E8949030D3}.Debug|Any CPU.ActiveCfg = Debug|Any CPU
		{8F1567DC-6DB8-425F-A29D-36E8949030D3}.Debug|Any CPU.Build.0 = Debug|Any CPU
		{8F1567DC-6DB8-425F-A29D-36E8949030D3}.Release|Any CPU.ActiveCfg = Release|Any CPU
		{8F1567DC-6DB8-425F-A29D-36E8949030D3}.Release|Any CPU.Build.0 = Release|Any CPU
		{4D7C45BE-C0C0-4D98-BE9C-452349C5D9D8}.Debug|Any CPU.ActiveCfg = Debug|Any CPU
		{4D7C45BE-C0C0-4D98-BE9C-452349C5D9D8}.Debug|Any CPU.Build.0 = Debug|Any CPU
		{4D7C45BE-C0C0-4D98-BE9C-452349C5D9D8}.Release|Any CPU.ActiveCfg = Release|Any CPU
		{4D7C45BE-C0C0-4D98-BE9C-452349C5D9D8}.Release|Any CPU.Build.0 = Release|Any CPU
		{57DECF4A-1A66-427E-B992-F132D163F73C}.Debug|Any CPU.ActiveCfg = Debug|Any CPU
		{57DECF4A-1A66-427E-B992-F132D163F73C}.Debug|Any CPU.Build.0 = Debug|Any CPU
		{57DECF4A-1A66-427E-B992-F132D163F73C}.Release|Any CPU.ActiveCfg = Release|Any CPU
		{57DECF4A-1A66-427E-B992-F132D163F73C}.Release|Any CPU.Build.0 = Release|Any CPU
		{00BC6DAA-C31C-47DF-B4F5-46F5572A6282}.Debug|Any CPU.ActiveCfg = Debug|Any CPU
		{00BC6DAA-C31C-47DF-B4F5-46F5572A6282}.Debug|Any CPU.Build.0 = Debug|Any CPU
		{00BC6DAA-C31C-47DF-B4F5-46F5572A6282}.Release|Any CPU.ActiveCfg = Release|Any CPU
		{00BC6DAA-C31C-47DF-B4F5-46F5572A6282}.Release|Any CPU.Build.0 = Release|Any CPU
		{FDC3B5E5-6E79-443F-A141-483695432F5D}.Debug|Any CPU.ActiveCfg = Debug|Any CPU
		{FDC3B5E5-6E79-443F-A141-483695432F5D}.Debug|Any CPU.Build.0 = Debug|Any CPU
		{FDC3B5E5-6E79-443F-A141-483695432F5D}.Release|Any CPU.ActiveCfg = Release|Any CPU
		{FDC3B5E5-6E79-443F-A141-483695432F5D}.Release|Any CPU.Build.0 = Release|Any CPU
		{5CE3E845-CCD2-4B16-B49E-43142AEBBC17}.Debug|Any CPU.ActiveCfg = Debug|Any CPU
		{5CE3E845-CCD2-4B16-B49E-43142AEBBC17}.Debug|Any CPU.Build.0 = Debug|Any CPU
		{5CE3E845-CCD2-4B16-B49E-43142AEBBC17}.Release|Any CPU.ActiveCfg = Release|Any CPU
		{5CE3E845-CCD2-4B16-B49E-43142AEBBC17}.Release|Any CPU.Build.0 = Release|Any CPU
		{9479CD86-F538-4996-9ECC-0A95F7F8B64D}.Debug|Any CPU.ActiveCfg = Debug|Any CPU
		{9479CD86-F538-4996-9ECC-0A95F7F8B64D}.Debug|Any CPU.Build.0 = Debug|Any CPU
		{9479CD86-F538-4996-9ECC-0A95F7F8B64D}.Release|Any CPU.ActiveCfg = Release|Any CPU
		{9479CD86-F538-4996-9ECC-0A95F7F8B64D}.Release|Any CPU.Build.0 = Release|Any CPU
		{815F152F-CCB9-475F-80E6-B770959CAF1C}.Debug|Any CPU.ActiveCfg = Debug|Any CPU
		{815F152F-CCB9-475F-80E6-B770959CAF1C}.Debug|Any CPU.Build.0 = Debug|Any CPU
		{815F152F-CCB9-475F-80E6-B770959CAF1C}.Release|Any CPU.ActiveCfg = Release|Any CPU
		{815F152F-CCB9-475F-80E6-B770959CAF1C}.Release|Any CPU.Build.0 = Release|Any CPU
		{A907D7BE-CDDD-4A7F-B959-47C5709A9990}.Debug|Any CPU.ActiveCfg = Debug|Any CPU
		{A907D7BE-CDDD-4A7F-B959-47C5709A9990}.Debug|Any CPU.Build.0 = Debug|Any CPU
		{A907D7BE-CDDD-4A7F-B959-47C5709A9990}.Release|Any CPU.ActiveCfg = Release|Any CPU
		{A907D7BE-CDDD-4A7F-B959-47C5709A9990}.Release|Any CPU.Build.0 = Release|Any CPU
		{AD4EF95F-903E-4EE1-8EE0-E2DF353A234C}.Debug|Any CPU.ActiveCfg = Debug|Any CPU
		{AD4EF95F-903E-4EE1-8EE0-E2DF353A234C}.Debug|Any CPU.Build.0 = Debug|Any CPU
		{AD4EF95F-903E-4EE1-8EE0-E2DF353A234C}.Release|Any CPU.ActiveCfg = Release|Any CPU
		{AD4EF95F-903E-4EE1-8EE0-E2DF353A234C}.Release|Any CPU.Build.0 = Release|Any CPU
	EndGlobalSection
	GlobalSection(SolutionProperties) = preSolution
		HideSolutionNode = FALSE
	EndGlobalSection
	GlobalSection(NestedProjects) = preSolution
		{DC5D645D-62B7-4845-879C-D7D584F7E3A3} = {A3AA0CB0-2FF4-4980-8377-C9C1643A0E33}
		{36281940-8B5C-4BF8-BDC7-C5A6ACF47175} = {A3AA0CB0-2FF4-4980-8377-C9C1643A0E33}
		{5717D551-2033-4240-911A-04DBC4B264B4} = {5FBC5376-949F-49F4-9FDA-001E9475E99C}
		{359E9CCC-07DB-4556-B932-FB470E8F777C} = {F11A62E7-9605-43DF-9646-BBCF1820D2C4}
		{4B0F4DCA-9BFC-4953-8C98-EB90080E09F0} = {F11A62E7-9605-43DF-9646-BBCF1820D2C4}
		{6197E8EB-5C12-46B5-BD87-45AC2589E780} = {F11A62E7-9605-43DF-9646-BBCF1820D2C4}
		{8EA37ADC-13F4-4B85-862E-90C24204EF9C} = {F11A62E7-9605-43DF-9646-BBCF1820D2C4}
		{F510B5E3-54FE-4E57-A927-BC5C2F099F98} = {5FBC5376-949F-49F4-9FDA-001E9475E99C}
		{8F1567DC-6DB8-425F-A29D-36E8949030D3} = {5FBC5376-949F-49F4-9FDA-001E9475E99C}
		{4D7C45BE-C0C0-4D98-BE9C-452349C5D9D8} = {5FBC5376-949F-49F4-9FDA-001E9475E99C}
		{57DECF4A-1A66-427E-B992-F132D163F73C} = {5FBC5376-949F-49F4-9FDA-001E9475E99C}
		{00BC6DAA-C31C-47DF-B4F5-46F5572A6282} = {5FBC5376-949F-49F4-9FDA-001E9475E99C}
		{FDC3B5E5-6E79-443F-A141-483695432F5D} = {5FBC5376-949F-49F4-9FDA-001E9475E99C}
		{5CE3E845-CCD2-4B16-B49E-43142AEBBC17} = {5FBC5376-949F-49F4-9FDA-001E9475E99C}
		{9479CD86-F538-4996-9ECC-0A95F7F8B64D} = {9C53F6A1-4007-4A63-B2C6-F8CA3A1088D2}
		{815F152F-CCB9-475F-80E6-B770959CAF1C} = {5FBC5376-949F-49F4-9FDA-001E9475E99C}
		{A907D7BE-CDDD-4A7F-B959-47C5709A9990} = {5FBC5376-949F-49F4-9FDA-001E9475E99C}
		{AD4EF95F-903E-4EE1-8EE0-E2DF353A234C} = {5FBC5376-949F-49F4-9FDA-001E9475E99C}
	EndGlobalSection
	GlobalSection(ExtensibilityGlobals) = postSolution
		SolutionGuid = {617DF6BE-D0C3-424B-8C7A-532C87EB9782}
	EndGlobalSection
EndGlobal
